// !$*UTF8*$!
{
	archiveVersion = 1;
	classes = {
	};
	objectVersion = 55;
	objects = {

/* Begin PBXBuildFile section */
		E8DBD81B277B70EC00800F84 /* AppDelegate.swift in Sources */ = {isa = PBXBuildFile; fileRef = E8DBD81A277B70EC00800F84 /* AppDelegate.swift */; };
		E8DBD81D277B70EC00800F84 /* SceneDelegate.swift in Sources */ = {isa = PBXBuildFile; fileRef = E8DBD81C277B70EC00800F84 /* SceneDelegate.swift */; };
		E8DBD81F277B70EC00800F84 /* ViewController.swift in Sources */ = {isa = PBXBuildFile; fileRef = E8DBD81E277B70EC00800F84 /* ViewController.swift */; };
		E8DBD822277B70EC00800F84 /* Main.storyboard in Resources */ = {isa = PBXBuildFile; fileRef = E8DBD820277B70EC00800F84 /* Main.storyboard */; };
		E8DBD824277B70F000800F84 /* Assets.xcassets in Resources */ = {isa = PBXBuildFile; fileRef = E8DBD823277B70F000800F84 /* Assets.xcassets */; };
		E8DBD827277B70F000800F84 /* LaunchScreen.storyboard in Resources */ = {isa = PBXBuildFile; fileRef = E8DBD825277B70F000800F84 /* LaunchScreen.storyboard */; };
		E8DBD832277B70F100800F84 /* ClickCounterTests.swift in Sources */ = {isa = PBXBuildFile; fileRef = E8DBD831277B70F100800F84 /* ClickCounterTests.swift */; };
		E8DBD83C277B70F100800F84 /* ClickCounterUITests.swift in Sources */ = {isa = PBXBuildFile; fileRef = E8DBD83B277B70F100800F84 /* ClickCounterUITests.swift */; };
		E8DBD83E277B70F100800F84 /* ClickCounterUITestsLaunchTests.swift in Sources */ = {isa = PBXBuildFile; fileRef = E8DBD83D277B70F100800F84 /* ClickCounterUITestsLaunchTests.swift */; };
/* End PBXBuildFile section */

/* Begin PBXContainerItemProxy section */
		E8DBD82E277B70F100800F84 /* PBXContainerItemProxy */ = {
			isa = PBXContainerItemProxy;
			containerPortal = E8DBD80F277B70EC00800F84 /* Project object */;
			proxyType = 1;
			remoteGlobalIDString = E8DBD816277B70EC00800F84;
			remoteInfo = ClickCounter;
		};
		E8DBD838277B70F100800F84 /* PBXContainerItemProxy */ = {
			isa = PBXContainerItemProxy;
			containerPortal = E8DBD80F277B70EC00800F84 /* Project object */;
			proxyType = 1;
			remoteGlobalIDString = E8DBD816277B70EC00800F84;
			remoteInfo = ClickCounter;
		};
/* End PBXContainerItemProxy section */

/* Begin PBXFileReference section */
		E8DBD817277B70EC00800F84 /* ClickCounter.app */ = {isa = PBXFileReference; explicitFileType = wrapper.application; includeInIndex = 0; path = ClickCounter.app; sourceTree = BUILT_PRODUCTS_DIR; };
		E8DBD81A277B70EC00800F84 /* AppDelegate.swift */ = {isa = PBXFileReference; lastKnownFileType = sourcecode.swift; path = AppDelegate.swift; sourceTree = "<group>"; };
		E8DBD81C277B70EC00800F84 /* SceneDelegate.swift */ = {isa = PBXFileReference; lastKnownFileType = sourcecode.swift; path = SceneDelegate.swift; sourceTree = "<group>"; };
		E8DBD81E277B70EC00800F84 /* ViewController.swift */ = {isa = PBXFileReference; lastKnownFileType = sourcecode.swift; path = ViewController.swift; sourceTree = "<group>"; };
		E8DBD821277B70EC00800F84 /* Base */ = {isa = PBXFileReference; lastKnownFileType = file.storyboard; name = Base; path = Base.lproj/Main.storyboard; sourceTree = "<group>"; };
		E8DBD823277B70F000800F84 /* Assets.xcassets */ = {isa = PBXFileReference; lastKnownFileType = folder.assetcatalog; path = Assets.xcassets; sourceTree = "<group>"; };
		E8DBD826277B70F000800F84 /* Base */ = {isa = PBXFileReference; lastKnownFileType = file.storyboard; name = Base; path = Base.lproj/LaunchScreen.storyboard; sourceTree = "<group>"; };
		E8DBD828277B70F000800F84 /* Info.plist */ = {isa = PBXFileReference; lastKnownFileType = text.plist.xml; path = Info.plist; sourceTree = "<group>"; };
		E8DBD82D277B70F100800F84 /* ClickCounterTests.xctest */ = {isa = PBXFileReference; explicitFileType = wrapper.cfbundle; includeInIndex = 0; path = ClickCounterTests.xctest; sourceTree = BUILT_PRODUCTS_DIR; };
		E8DBD831277B70F100800F84 /* ClickCounterTests.swift */ = {isa = PBXFileReference; lastKnownFileType = sourcecode.swift; path = ClickCounterTests.swift; sourceTree = "<group>"; };
		E8DBD837277B70F100800F84 /* ClickCounterUITests.xctest */ = {isa = PBXFileReference; explicitFileType = wrapper.cfbundle; includeInIndex = 0; path = ClickCounterUITests.xctest; sourceTree = BUILT_PRODUCTS_DIR; };
		E8DBD83B277B70F100800F84 /* ClickCounterUITests.swift */ = {isa = PBXFileReference; lastKnownFileType = sourcecode.swift; path = ClickCounterUITests.swift; sourceTree = "<group>"; };
		E8DBD83D277B70F100800F84 /* ClickCounterUITestsLaunchTests.swift */ = {isa = PBXFileReference; lastKnownFileType = sourcecode.swift; path = ClickCounterUITestsLaunchTests.swift; sourceTree = "<group>"; };
/* End PBXFileReference section */

/* Begin PBXFrameworksBuildPhase section */
		E8DBD814277B70EC00800F84 /* Frameworks */ = {
			isa = PBXFrameworksBuildPhase;
			buildActionMask = 2147483647;
			files = (
			);
			runOnlyForDeploymentPostprocessing = 0;
		};
		E8DBD82A277B70F100800F84 /* Frameworks */ = {
			isa = PBXFrameworksBuildPhase;
			buildActionMask = 2147483647;
			files = (
			);
			runOnlyForDeploymentPostprocessing = 0;
		};
		E8DBD834277B70F100800F84 /* Frameworks */ = {
			isa = PBXFrameworksBuildPhase;
			buildActionMask = 2147483647;
			files = (
			);
			runOnlyForDeploymentPostprocessing = 0;
		};
/* End PBXFrameworksBuildPhase section */

/* Begin PBXGroup section */
		E8DBD80E277B70EC00800F84 = {
			isa = PBXGroup;
			children = (
				E8DBD819277B70EC00800F84 /* ClickCounter */,
				E8DBD830277B70F100800F84 /* ClickCounterTests */,
				E8DBD83A277B70F100800F84 /* ClickCounterUITests */,
				E8DBD818277B70EC00800F84 /* Products */,
			);
			sourceTree = "<group>";
		};
		E8DBD818277B70EC00800F84 /* Products */ = {
			isa = PBXGroup;
			children = (
				E8DBD817277B70EC00800F84 /* ClickCounter.app */,
				E8DBD82D277B70F100800F84 /* ClickCounterTests.xctest */,
				E8DBD837277B70F100800F84 /* ClickCounterUITests.xctest */,
			);
			name = Products;
			sourceTree = "<group>";
		};
		E8DBD819277B70EC00800F84 /* ClickCounter */ = {
			isa = PBXGroup;
			children = (
				E8DBD81A277B70EC00800F84 /* AppDelegate.swift */,
				E8DBD81C277B70EC00800F84 /* SceneDelegate.swift */,
				E8DBD81E277B70EC00800F84 /* ViewController.swift */,
				E8DBD820277B70EC00800F84 /* Main.storyboard */,
				E8DBD823277B70F000800F84 /* Assets.xcassets */,
				E8DBD825277B70F000800F84 /* LaunchScreen.storyboard */,
				E8DBD828277B70F000800F84 /* Info.plist */,
			);
			path = ClickCounter;
			sourceTree = "<group>";
		};
		E8DBD830277B70F100800F84 /* ClickCounterTests */ = {
			isa = PBXGroup;
			children = (
				E8DBD831277B70F100800F84 /* ClickCounterTests.swift */,
			);
			path = ClickCounterTests;
			sourceTree = "<group>";
		};
		E8DBD83A277B70F100800F84 /* ClickCounterUITests */ = {
			isa = PBXGroup;
			children = (
				E8DBD83B277B70F100800F84 /* ClickCounterUITests.swift */,
				E8DBD83D277B70F100800F84 /* ClickCounterUITestsLaunchTests.swift */,
			);
			path = ClickCounterUITests;
			sourceTree = "<group>";
		};
/* End PBXGroup section */

/* Begin PBXNativeTarget section */
		E8DBD816277B70EC00800F84 /* ClickCounter */ = {
			isa = PBXNativeTarget;
			buildConfigurationList = E8DBD841277B70F100800F84 /* Build configuration list for PBXNativeTarget "ClickCounter" */;
			buildPhases = (
				E8DBD813277B70EC00800F84 /* Sources */,
				E8DBD814277B70EC00800F84 /* Frameworks */,
				E8DBD815277B70EC00800F84 /* Resources */,
			);
			buildRules = (
			);
			dependencies = (
			);
			name = ClickCounter;
			productName = ClickCounter;
			productReference = E8DBD817277B70EC00800F84 /* ClickCounter.app */;
			productType = "com.apple.product-type.application";
		};
		E8DBD82C277B70F100800F84 /* ClickCounterTests */ = {
			isa = PBXNativeTarget;
			buildConfigurationList = E8DBD844277B70F100800F84 /* Build configuration list for PBXNativeTarget "ClickCounterTests" */;
			buildPhases = (
				E8DBD829277B70F100800F84 /* Sources */,
				E8DBD82A277B70F100800F84 /* Frameworks */,
				E8DBD82B277B70F100800F84 /* Resources */,
			);
			buildRules = (
			);
			dependencies = (
				E8DBD82F277B70F100800F84 /* PBXTargetDependency */,
			);
			name = ClickCounterTests;
			productName = ClickCounterTests;
			productReference = E8DBD82D277B70F100800F84 /* ClickCounterTests.xctest */;
			productType = "com.apple.product-type.bundle.unit-test";
		};
		E8DBD836277B70F100800F84 /* ClickCounterUITests */ = {
			isa = PBXNativeTarget;
			buildConfigurationList = E8DBD847277B70F100800F84 /* Build configuration list for PBXNativeTarget "ClickCounterUITests" */;
			buildPhases = (
				E8DBD833277B70F100800F84 /* Sources */,
				E8DBD834277B70F100800F84 /* Frameworks */,
				E8DBD835277B70F100800F84 /* Resources */,
			);
			buildRules = (
			);
			dependencies = (
				E8DBD839277B70F100800F84 /* PBXTargetDependency */,
			);
			name = ClickCounterUITests;
			productName = ClickCounterUITests;
			productReference = E8DBD837277B70F100800F84 /* ClickCounterUITests.xctest */;
			productType = "com.apple.product-type.bundle.ui-testing";
		};
/* End PBXNativeTarget section */

/* Begin PBXProject section */
		E8DBD80F277B70EC00800F84 /* Project object */ = {
			isa = PBXProject;
			attributes = {
				BuildIndependentTargetsInParallel = 1;
				LastSwiftUpdateCheck = 1320;
				LastUpgradeCheck = 1320;
				TargetAttributes = {
					E8DBD816277B70EC00800F84 = {
						CreatedOnToolsVersion = 13.2.1;
					};
					E8DBD82C277B70F100800F84 = {
						CreatedOnToolsVersion = 13.2.1;
						TestTargetID = E8DBD816277B70EC00800F84;
					};
					E8DBD836277B70F100800F84 = {
						CreatedOnToolsVersion = 13.2.1;
						TestTargetID = E8DBD816277B70EC00800F84;
					};
				};
			};
			buildConfigurationList = E8DBD812277B70EC00800F84 /* Build configuration list for PBXProject "ClickCounter" */;
			compatibilityVersion = "Xcode 13.0";
			developmentRegion = en;
			hasScannedForEncodings = 0;
			knownRegions = (
				en,
				Base,
			);
			mainGroup = E8DBD80E277B70EC00800F84;
			productRefGroup = E8DBD818277B70EC00800F84 /* Products */;
			projectDirPath = "";
			projectRoot = "";
			targets = (
				E8DBD816277B70EC00800F84 /* ClickCounter */,
				E8DBD82C277B70F100800F84 /* ClickCounterTests */,
				E8DBD836277B70F100800F84 /* ClickCounterUITests */,
			);
		};
/* End PBXProject section */

/* Begin PBXResourcesBuildPhase section */
		E8DBD815277B70EC00800F84 /* Resources */ = {
			isa = PBXResourcesBuildPhase;
			buildActionMask = 2147483647;
			files = (
				E8DBD827277B70F000800F84 /* LaunchScreen.storyboard in Resources */,
				E8DBD824277B70F000800F84 /* Assets.xcassets in Resources */,
				E8DBD822277B70EC00800F84 /* Main.storyboard in Resources */,
			);
			runOnlyForDeploymentPostprocessing = 0;
		};
		E8DBD82B277B70F100800F84 /* Resources */ = {
			isa = PBXResourcesBuildPhase;
			buildActionMask = 2147483647;
			files = (
			);
			runOnlyForDeploymentPostprocessing = 0;
		};
		E8DBD835277B70F100800F84 /* Resources */ = {
			isa = PBXResourcesBuildPhase;
			buildActionMask = 2147483647;
			files = (
			);
			runOnlyForDeploymentPostprocessing = 0;
		};
/* End PBXResourcesBuildPhase section */

/* Begin PBXSourcesBuildPhase section */
		E8DBD813277B70EC00800F84 /* Sources */ = {
			isa = PBXSourcesBuildPhase;
			buildActionMask = 2147483647;
			files = (
				E8DBD81F277B70EC00800F84 /* ViewController.swift in Sources */,
				E8DBD81B277B70EC00800F84 /* AppDelegate.swift in Sources */,
				E8DBD81D277B70EC00800F84 /* SceneDelegate.swift in Sources */,
			);
			runOnlyForDeploymentPostprocessing = 0;
		};
		E8DBD829277B70F100800F84 /* Sources */ = {
			isa = PBXSourcesBuildPhase;
			buildActionMask = 2147483647;
			files = (
				E8DBD832277B70F100800F84 /* ClickCounterTests.swift in Sources */,
			);
			runOnlyForDeploymentPostprocessing = 0;
		};
		E8DBD833277B70F100800F84 /* Sources */ = {
			isa = PBXSourcesBuildPhase;
			buildActionMask = 2147483647;
			files = (
				E8DBD83E277B70F100800F84 /* ClickCounterUITestsLaunchTests.swift in Sources */,
				E8DBD83C277B70F100800F84 /* ClickCounterUITests.swift in Sources */,
			);
			runOnlyForDeploymentPostprocessing = 0;
		};
/* End PBXSourcesBuildPhase section */

/* Begin PBXTargetDependency section */
		E8DBD82F277B70F100800F84 /* PBXTargetDependency */ = {
			isa = PBXTargetDependency;
			target = E8DBD816277B70EC00800F84 /* ClickCounter */;
			targetProxy = E8DBD82E277B70F100800F84 /* PBXContainerItemProxy */;
		};
		E8DBD839277B70F100800F84 /* PBXTargetDependency */ = {
			isa = PBXTargetDependency;
			target = E8DBD816277B70EC00800F84 /* ClickCounter */;
			targetProxy = E8DBD838277B70F100800F84 /* PBXContainerItemProxy */;
		};
/* End PBXTargetDependency section */

/* Begin PBXVariantGroup section */
		E8DBD820277B70EC00800F84 /* Main.storyboard */ = {
			isa = PBXVariantGroup;
			children = (
				E8DBD821277B70EC00800F84 /* Base */,
			);
			name = Main.storyboard;
			sourceTree = "<group>";
		};
		E8DBD825277B70F000800F84 /* LaunchScreen.storyboard */ = {
			isa = PBXVariantGroup;
			children = (
				E8DBD826277B70F000800F84 /* Base */,
			);
			name = LaunchScreen.storyboard;
			sourceTree = "<group>";
		};
/* End PBXVariantGroup section */

/* Begin XCBuildConfiguration section */
		E8DBD83F277B70F100800F84 /* Debug */ = {
			isa = XCBuildConfiguration;
			buildSettings = {
				ALWAYS_SEARCH_USER_PATHS = NO;
				CLANG_ANALYZER_NONNULL = YES;
				CLANG_ANALYZER_NUMBER_OBJECT_CONVERSION = YES_AGGRESSIVE;
				CLANG_CXX_LANGUAGE_STANDARD = "gnu++17";
				CLANG_CXX_LIBRARY = "libc++";
				CLANG_ENABLE_MODULES = YES;
				CLANG_ENABLE_OBJC_ARC = YES;
				CLANG_ENABLE_OBJC_WEAK = YES;
				CLANG_WARN_BLOCK_CAPTURE_AUTORELEASING = YES;
				CLANG_WARN_BOOL_CONVERSION = YES;
				CLANG_WARN_COMMA = YES;
				CLANG_WARN_CONSTANT_CONVERSION = YES;
				CLANG_WARN_DEPRECATED_OBJC_IMPLEMENTATIONS = YES;
				CLANG_WARN_DIRECT_OBJC_ISA_USAGE = YES_ERROR;
				CLANG_WARN_DOCUMENTATION_COMMENTS = YES;
				CLANG_WARN_EMPTY_BODY = YES;
				CLANG_WARN_ENUM_CONVERSION = YES;
				CLANG_WARN_INFINITE_RECURSION = YES;
				CLANG_WARN_INT_CONVERSION = YES;
				CLANG_WARN_NON_LITERAL_NULL_CONVERSION = YES;
				CLANG_WARN_OBJC_IMPLICIT_RETAIN_SELF = YES;
				CLANG_WARN_OBJC_LITERAL_CONVERSION = YES;
				CLANG_WARN_OBJC_ROOT_CLASS = YES_ERROR;
				CLANG_WARN_QUOTED_INCLUDE_IN_FRAMEWORK_HEADER = YES;
				CLANG_WARN_RANGE_LOOP_ANALYSIS = YES;
				CLANG_WARN_STRICT_PROTOTYPES = YES;
				CLANG_WARN_SUSPICIOUS_MOVE = YES;
				CLANG_WARN_UNGUARDED_AVAILABILITY = YES_AGGRESSIVE;
				CLANG_WARN_UNREACHABLE_CODE = YES;
				CLANG_WARN__DUPLICATE_METHOD_MATCH = YES;
				COPY_PHASE_STRIP = NO;
				DEBUG_INFORMATION_FORMAT = dwarf;
				ENABLE_STRICT_OBJC_MSGSEND = YES;
				ENABLE_TESTABILITY = YES;
				GCC_C_LANGUAGE_STANDARD = gnu11;
				GCC_DYNAMIC_NO_PIC = NO;
				GCC_NO_COMMON_BLOCKS = YES;
				GCC_OPTIMIZATION_LEVEL = 0;
				GCC_PREPROCESSOR_DEFINITIONS = (
					"DEBUG=1",
					"$(inherited)",
				);
				GCC_WARN_64_TO_32_BIT_CONVERSION = YES;
				GCC_WARN_ABOUT_RETURN_TYPE = YES_ERROR;
				GCC_WARN_UNDECLARED_SELECTOR = YES;
				GCC_WARN_UNINITIALIZED_AUTOS = YES_AGGRESSIVE;
				GCC_WARN_UNUSED_FUNCTION = YES;
				GCC_WARN_UNUSED_VARIABLE = YES;
				IPHONEOS_DEPLOYMENT_TARGET = 15.2;
				MTL_ENABLE_DEBUG_INFO = INCLUDE_SOURCE;
				MTL_FAST_MATH = YES;
				ONLY_ACTIVE_ARCH = YES;
				SDKROOT = iphoneos;
				SWIFT_ACTIVE_COMPILATION_CONDITIONS = DEBUG;
				SWIFT_OPTIMIZATION_LEVEL = "-Onone";
			};
			name = Debug;
		};
		E8DBD840277B70F100800F84 /* Release */ = {
			isa = XCBuildConfiguration;
			buildSettings = {
				ALWAYS_SEARCH_USER_PATHS = NO;
				CLANG_ANALYZER_NONNULL = YES;
				CLANG_ANALYZER_NUMBER_OBJECT_CONVERSION = YES_AGGRESSIVE;
				CLANG_CXX_LANGUAGE_STANDARD = "gnu++17";
				CLANG_CXX_LIBRARY = "libc++";
				CLANG_ENABLE_MODULES = YES;
				CLANG_ENABLE_OBJC_ARC = YES;
				CLANG_ENABLE_OBJC_WEAK = YES;
				CLANG_WARN_BLOCK_CAPTURE_AUTORELEASING = YES;
				CLANG_WARN_BOOL_CONVERSION = YES;
				CLANG_WARN_COMMA = YES;
				CLANG_WARN_CONSTANT_CONVERSION = YES;
				CLANG_WARN_DEPRECATED_OBJC_IMPLEMENTATIONS = YES;
				CLANG_WARN_DIRECT_OBJC_ISA_USAGE = YES_ERROR;
				CLANG_WARN_DOCUMENTATION_COMMENTS = YES;
				CLANG_WARN_EMPTY_BODY = YES;
				CLANG_WARN_ENUM_CONVERSION = YES;
				CLANG_WARN_INFINITE_RECURSION = YES;
				CLANG_WARN_INT_CONVERSION = YES;
				CLANG_WARN_NON_LITERAL_NULL_CONVERSION = YES;
				CLANG_WARN_OBJC_IMPLICIT_RETAIN_SELF = YES;
				CLANG_WARN_OBJC_LITERAL_CONVERSION = YES;
				CLANG_WARN_OBJC_ROOT_CLASS = YES_ERROR;
				CLANG_WARN_QUOTED_INCLUDE_IN_FRAMEWORK_HEADER = YES;
				CLANG_WARN_RANGE_LOOP_ANALYSIS = YES;
				CLANG_WARN_STRICT_PROTOTYPES = YES;
				CLANG_WARN_SUSPICIOUS_MOVE = YES;
				CLANG_WARN_UNGUARDED_AVAILABILITY = YES_AGGRESSIVE;
				CLANG_WARN_UNREACHABLE_CODE = YES;
				CLANG_WARN__DUPLICATE_METHOD_MATCH = YES;
				COPY_PHASE_STRIP = NO;
				DEBUG_INFORMATION_FORMAT = "dwarf-with-dsym";
				ENABLE_NS_ASSERTIONS = NO;
				ENABLE_STRICT_OBJC_MSGSEND = YES;
				GCC_C_LANGUAGE_STANDARD = gnu11;
				GCC_NO_COMMON_BLOCKS = YES;
				GCC_WARN_64_TO_32_BIT_CONVERSION = YES;
				GCC_WARN_ABOUT_RETURN_TYPE = YES_ERROR;
				GCC_WARN_UNDECLARED_SELECTOR = YES;
				GCC_WARN_UNINITIALIZED_AUTOS = YES_AGGRESSIVE;
				GCC_WARN_UNUSED_FUNCTION = YES;
				GCC_WARN_UNUSED_VARIABLE = YES;
				IPHONEOS_DEPLOYMENT_TARGET = 15.2;
				MTL_ENABLE_DEBUG_INFO = NO;
				MTL_FAST_MATH = YES;
				SDKROOT = iphoneos;
				SWIFT_COMPILATION_MODE = wholemodule;
				SWIFT_OPTIMIZATION_LEVEL = "-O";
				VALIDATE_PRODUCT = YES;
			};
			name = Release;
		};
		E8DBD842277B70F100800F84 /* Debug */ = {
			isa = XCBuildConfiguration;
			buildSettings = {
				ASSETCATALOG_COMPILER_APPICON_NAME = AppIcon;
				ASSETCATALOG_COMPILER_GLOBAL_ACCENT_COLOR_NAME = AccentColor;
				CODE_SIGN_STYLE = Automatic;
				CURRENT_PROJECT_VERSION = 1;
				DEVELOPMENT_TEAM = PLGSXWFUKV;
				GENERATE_INFOPLIST_FILE = YES;
				INFOPLIST_FILE = ClickCounter/Info.plist;
				INFOPLIST_KEY_UIApplicationSupportsIndirectInputEvents = YES;
				INFOPLIST_KEY_UILaunchStoryboardName = LaunchScreen;
				INFOPLIST_KEY_UIMainStoryboardFile = Main;
				INFOPLIST_KEY_UISupportedInterfaceOrientations_iPad = "UIInterfaceOrientationPortrait UIInterfaceOrientationPortraitUpsideDown UIInterfaceOrientationLandscapeLeft UIInterfaceOrientationLandscapeRight";
				INFOPLIST_KEY_UISupportedInterfaceOrientations_iPhone = "UIInterfaceOrientationPortrait UIInterfaceOrientationLandscapeLeft UIInterfaceOrientationLandscapeRight";
				LD_RUNPATH_SEARCH_PATHS = (
					"$(inherited)",
					"@executable_path/Frameworks",
				);
				MARKETING_VERSION = 1.0;
				PRODUCT_BUNDLE_IDENTIFIER = "Roy-Flores.ClickCounter";
				PRODUCT_NAME = "$(TARGET_NAME)";
				SWIFT_EMIT_LOC_STRINGS = YES;
				SWIFT_VERSION = 5.0;
				TARGETED_DEVICE_FAMILY = "1,2";
			};
			name = Debug;
		};
		E8DBD843277B70F100800F84 /* Release */ = {
			isa = XCBuildConfiguration;
			buildSettings = {
				ASSETCATALOG_COMPILER_APPICON_NAME = AppIcon;
				ASSETCATALOG_COMPILER_GLOBAL_ACCENT_COLOR_NAME = AccentColor;
				CODE_SIGN_STYLE = Automatic;
				CURRENT_PROJECT_VERSION = 1;
				DEVELOPMENT_TEAM = PLGSXWFUKV;
				GENERATE_INFOPLIST_FILE = YES;
				INFOPLIST_FILE = ClickCounter/Info.plist;
				INFOPLIST_KEY_UIApplicationSupportsIndirectInputEvents = YES;
				INFOPLIST_KEY_UILaunchStoryboardName = LaunchScreen;
				INFOPLIST_KEY_UIMainStoryboardFile = Main;
				INFOPLIST_KEY_UISupportedInterfaceOrientations_iPad = "UIInterfaceOrientationPortrait UIInterfaceOrientationPortraitUpsideDown UIInterfaceOrientationLandscapeLeft UIInterfaceOrientationLandscapeRight";
				INFOPLIST_KEY_UISupportedInterfaceOrientations_iPhone = "UIInterfaceOrientationPortrait UIInterfaceOrientationLandscapeLeft UIInterfaceOrientationLandscapeRight";
				LD_RUNPATH_SEARCH_PATHS = (
					"$(inherited)",
					"@executable_path/Frameworks",
				);
				MARKETING_VERSION = 1.0;
				PRODUCT_BUNDLE_IDENTIFIER = "Roy-Flores.ClickCounter";
				PRODUCT_NAME = "$(TARGET_NAME)";
				SWIFT_EMIT_LOC_STRINGS = YES;
				SWIFT_VERSION = 5.0;
				TARGETED_DEVICE_FAMILY = "1,2";
			};
			name = Release;
		};
		E8DBD845277B70F100800F84 /* Debug */ = {
			isa = XCBuildConfiguration;
			buildSettings = {
				ALWAYS_EMBED_SWIFT_STANDARD_LIBRARIES = YES;
				BUNDLE_LOADER = "$(TEST_HOST)";
				CODE_SIGN_STYLE = Automatic;
				CURRENT_PROJECT_VERSION = 1;
				DEVELOPMENT_TEAM = PLGSXWFUKV;
				GENERATE_INFOPLIST_FILE = YES;
				IPHONEOS_DEPLOYMENT_TARGET = 15.2;
				MARKETING_VERSION = 1.0;
				PRODUCT_BUNDLE_IDENTIFIER = "Roy-Flores.ClickCounterTests";
				PRODUCT_NAME = "$(TARGET_NAME)";
				SWIFT_EMIT_LOC_STRINGS = NO;
				SWIFT_VERSION = 5.0;
				TARGETED_DEVICE_FAMILY = "1,2";
				TEST_HOST = "$(BUILT_PRODUCTS_DIR)/ClickCounter.app/ClickCounter";
			};
			name = Debug;
		};
		E8DBD846277B70F100800F84 /* Release */ = {
			isa = XCBuildConfiguration;
			buildSettings = {
				ALWAYS_EMBED_SWIFT_STANDARD_LIBRARIES = YES;
				BUNDLE_LOADER = "$(TEST_HOST)";
				CODE_SIGN_STYLE = Automatic;
				CURRENT_PROJECT_VERSION = 1;
				DEVELOPMENT_TEAM = PLGSXWFUKV;
				GENERATE_INFOPLIST_FILE = YES;
				IPHONEOS_DEPLOYMENT_TARGET = 15.2;
				MARKETING_VERSION = 1.0;
				PRODUCT_BUNDLE_IDENTIFIER = "Roy-Flores.ClickCounterTests";
				PRODUCT_NAME = "$(TARGET_NAME)";
				SWIFT_EMIT_LOC_STRINGS = NO;
				SWIFT_VERSION = 5.0;
				TARGETED_DEVICE_FAMILY = "1,2";
				TEST_HOST = "$(BUILT_PRODUCTS_DIR)/ClickCounter.app/ClickCounter";
			};
			name = Release;
		};
		E8DBD848277B70F100800F84 /* Debug */ = {
			isa = XCBuildConfiguration;
			buildSettings = {
				ALWAYS_EMBED_SWIFT_STANDARD_LIBRARIES = YES;
				CODE_SIGN_STYLE = Automatic;
				CURRENT_PROJECT_VERSION = 1;
				DEVELOPMENT_TEAM = PLGSXWFUKV;
				GENERATE_INFOPLIST_FILE = YES;
				MARKETING_VERSION = 1.0;
				PRODUCT_BUNDLE_IDENTIFIER = "Roy-Flores.ClickCounterUITests";
				PRODUCT_NAME = "$(TARGET_NAME)";
				SWIFT_EMIT_LOC_STRINGS = NO;
				SWIFT_VERSION = 5.0;
				TARGETED_DEVICE_FAMILY = "1,2";
				TEST_TARGET_NAME = ClickCounter;
			};
			name = Debug;
		};
		E8DBD849277B70F100800F84 /* Release */ = {
			isa = XCBuildConfiguration;
			buildSettings = {
				ALWAYS_EMBED_SWIFT_STANDARD_LIBRARIES = YES;
				CODE_SIGN_STYLE = Automatic;
				CURRENT_PROJECT_VERSION = 1;
				DEVELOPMENT_TEAM = PLGSXWFUKV;
				GENERATE_INFOPLIST_FILE = YES;
				MARKETING_VERSION = 1.0;
				PRODUCT_BUNDLE_IDENTIFIER = "Roy-Flores.ClickCounterUITests";
				PRODUCT_NAME = "$(TARGET_NAME)";
				SWIFT_EMIT_LOC_STRINGS = NO;
				SWIFT_VERSION = 5.0;
				TARGETED_DEVICE_FAMILY = "1,2";
				TEST_TARGET_NAME = ClickCounter;
			};
			name = Release;
		};
/* End XCBuildConfiguration section */

/* Begin XCConfigurationList section */
		E8DBD812277B70EC00800F84 /* Build configuration list for PBXProject "ClickCounter" */ = {
			isa = XCConfigurationList;
			buildConfigurations = (
				E8DBD83F277B70F100800F84 /* Debug */,
				E8DBD840277B70F100800F84 /* Release */,
			);
			defaultConfigurationIsVisible = 0;
			defaultConfigurationName = Release;
		};
		E8DBD841277B70F100800F84 /* Build configuration list for PBXNativeTarget "ClickCounter" */ = {
			isa = XCConfigurationList;
			buildConfigurations = (
				E8DBD842277B70F100800F84 /* Debug */,
				E8DBD843277B70F100800F84 /* Release */,
			);
			defaultConfigurationIsVisible = 0;
			defaultConfigurationName = Release;
		};
		E8DBD844277B70F100800F84 /* Build configuration list for PBXNativeTarget "ClickCounterTests" */ = {
			isa = XCConfigurationList;
			buildConfigurations = (
				E8DBD845277B70F100800F84 /* Debug */,
				E8DBD846277B70F100800F84 /* Release */,
			);
			defaultConfigurationIsVisible = 0;
			defaultConfigurationName = Release;
		};
		E8DBD847277B70F100800F84 /* Build configuration list for PBXNativeTarget "ClickCounterUITests" */ = {
			isa = XCConfigurationList;
			buildConfigurations = (
				E8DBD848277B70F100800F84 /* Debug */,
				E8DBD849277B70F100800F84 /* Release */,
			);
			defaultConfigurationIsVisible = 0;
			defaultConfigurationName = Release;
		};
/* End XCConfigurationList section */
	};
	rootObject = E8DBD80F277B70EC00800F84 /* Project object */;
}
